
Microsoft Visual Studio Solution File, Format Version 12.00
# Visual Studio Version 17
VisualStudioVersion = 17.4.33213.308
MinimumVisualStudioVersion = 10.0.40219.1
Project("{FAE04EC0-301F-11D3-BF4B-00C04F79EFBC}") = "GUI", "QuanLyPhongMachTu\GUI.csproj", "{694D410F-ACC4-4181-AB1F-D305ACE42564}"
EndProject
Project("{FAE04EC0-301F-11D3-BF4B-00C04F79EFBC}") = "DAL", "DAL\DAL.csproj", "{A29A3D8C-3214-4EEA-9356-8D2AB387E09B}"
EndProject
Project("{FAE04EC0-301F-11D3-BF4B-00C04F79EFBC}") = "DTO", "DTO\DTO.csproj", "{F9DD8F18-2E78-412D-A14C-9108B38B482D}"
EndProject
Project("{FAE04EC0-301F-11D3-BF4B-00C04F79EFBC}") = "BLL", "BLL\BLL.csproj", "{1ED5C790-3ECB-4A04-ABAD-F7AA86CDE9AF}"
EndProject
Global
	GlobalSection(SolutionConfigurationPlatforms) = preSolution
		Debug|Any CPU = Debug|Any CPU
		Release|Any CPU = Release|Any CPU
	EndGlobalSection
	GlobalSection(ProjectConfigurationPlatforms) = postSolution
		{694D410F-ACC4-4181-AB1F-D305ACE42564}.Debug|Any CPU.ActiveCfg = Debug|Any CPU
		{694D410F-ACC4-4181-AB1F-D305ACE42564}.Debug|Any CPU.Build.0 = Debug|Any CPU
		{694D410F-ACC4-4181-AB1F-D305ACE42564}.Release|Any CPU.ActiveCfg = Release|Any CPU
		{694D410F-ACC4-4181-AB1F-D305ACE42564}.Release|Any CPU.Build.0 = Release|Any CPU
		{A29A3D8C-3214-4EEA-9356-8D2AB387E09B}.Debug|Any CPU.ActiveCfg = Debug|Any CPU
		{A29A3D8C-3214-4EEA-9356-8D2AB387E09B}.Debug|Any CPU.Build.0 = Debug|Any CPU
		{A29A3D8C-3214-4EEA-9356-8D2AB387E09B}.Release|Any CPU.ActiveCfg = Release|Any CPU
		{A29A3D8C-3214-4EEA-9356-8D2AB387E09B}.Release|Any CPU.Build.0 = Release|Any CPU
		{F9DD8F18-2E78-412D-A14C-9108B38B482D}.Debug|Any CPU.ActiveCfg = Debug|Any CPU
		{F9DD8F18-2E78-412D-A14C-9108B38B482D}.Debug|Any CPU.Build.0 = Debug|Any CPU
		{F9DD8F18-2E78-412D-A14C-9108B38B482D}.Release|Any CPU.ActiveCfg = Release|Any CPU
		{F9DD8F18-2E78-412D-A14C-9108B38B482D}.Release|Any CPU.Build.0 = Release|Any CPU
		{1ED5C790-3ECB-4A04-ABAD-F7AA86CDE9AF}.Debug|Any CPU.ActiveCfg = Debug|Any CPU
		{1ED5C790-3ECB-4A04-ABAD-F7AA86CDE9AF}.Debug|Any CPU.Build.0 = Debug|Any CPU
		{1ED5C790-3ECB-4A04-ABAD-F7AA86CDE9AF}.Release|Any CPU.ActiveCfg = Release|Any CPU
		{1ED5C790-3ECB-4A04-ABAD-F7AA86CDE9AF}.Release|Any CPU.Build.0 = Release|Any CPU
	EndGlobalSection
	GlobalSection(SolutionProperties) = preSolution
		HideSolutionNode = FALSE
	EndGlobalSection
	GlobalSection(ExtensibilityGlobals) = postSolution
		SolutionGuid = {44E2EE39-294B-414A-8099-4BC687087BC1}
	EndGlobalSection
EndGlobal
